
Microsoft Visual Studio Solution File, Format Version 12.00
# Visual Studio Version 16
VisualStudioVersion = 16.0.31112.23
MinimumVisualStudioVersion = 10.0.40219.1
Project("{FAE04EC0-301F-11D3-BF4B-00C04F79EFBC}") = "EllipseCircle.Tests", "EllipseCircle.Tests\EllipseCircle.Tests.csproj", "{6A92B9EA-4432-428F-A235-65EE855F4257}"
EndProject
Project("{9A19103F-16F7-4668-BE54-9A1E7A4F7556}") = "EllipseCircle.Code", "EllipseCircle.Codes\EllipseCircle.Code.csproj", "{F968E346-E430-4C8C-A149-4558ED0FC086}"
EndProject
Global
	GlobalSection(SolutionConfigurationPlatforms) = preSolution
		Debug|Any CPU = Debug|Any CPU
		Release|Any CPU = Release|Any CPU
	EndGlobalSection
	GlobalSection(ProjectConfigurationPlatforms) = postSolution
		{6A92B9EA-4432-428F-A235-65EE855F4257}.Debug|Any CPU.ActiveCfg = Debug|Any CPU
		{6A92B9EA-4432-428F-A235-65EE855F4257}.Debug|Any CPU.Build.0 = Debug|Any CPU
		{6A92B9EA-4432-428F-A235-65EE855F4257}.Release|Any CPU.ActiveCfg = Release|Any CPU
		{6A92B9EA-4432-428F-A235-65EE855F4257}.Release|Any CPU.Build.0 = Release|Any CPU
		{F968E346-E430-4C8C-A149-4558ED0FC086}.Debug|Any CPU.ActiveCfg = Debug|Any CPU
		{F968E346-E430-4C8C-A149-4558ED0FC086}.Debug|Any CPU.Build.0 = Debug|Any CPU
		{F968E346-E430-4C8C-A149-4558ED0FC086}.Release|Any CPU.ActiveCfg = Release|Any CPU
		{F968E346-E430-4C8C-A149-4558ED0FC086}.Release|Any CPU.Build.0 = Release|Any CPU
	EndGlobalSection
	GlobalSection(SolutionProperties) = preSolution
		HideSolutionNode = FALSE
	EndGlobalSection
	GlobalSection(ExtensibilityGlobals) = postSolution
		SolutionGuid = {67E491FA-9898-48AC-A071-5AF8B9ED8001}
	EndGlobalSection
EndGlobal
